
Microsoft Visual Studio Solution File, Format Version 12.00
# Visual Studio Version 16
VisualStudioVersion = 16.0.29613.14
MinimumVisualStudioVersion = 10.0.40219.1
Project("{9A19103F-16F7-4668-BE54-9A1E7A4F7556}") = "SeeSharpLMS", "SeeSharpLMS\SeeSharpLMS.csproj", "{8B94DE55-D9A2-4674-BEED-61BFEEC3C43C}"
EndProject
Project("{9A19103F-16F7-4668-BE54-9A1E7A4F7556}") = "MSTest", "ProfileMSTest\MSTest.csproj", "{A6007214-E636-4842-9845-2FAA07CDC730}"
EndProject
Global
	GlobalSection(SolutionConfigurationPlatforms) = preSolution
		Debug|Any CPU = Debug|Any CPU
		Release|Any CPU = Release|Any CPU
	EndGlobalSection
	GlobalSection(ProjectConfigurationPlatforms) = postSolution
		{8B94DE55-D9A2-4674-BEED-61BFEEC3C43C}.Debug|Any CPU.ActiveCfg = Debug|Any CPU
		{8B94DE55-D9A2-4674-BEED-61BFEEC3C43C}.Debug|Any CPU.Build.0 = Debug|Any CPU
		{8B94DE55-D9A2-4674-BEED-61BFEEC3C43C}.Release|Any CPU.ActiveCfg = Release|Any CPU
		{8B94DE55-D9A2-4674-BEED-61BFEEC3C43C}.Release|Any CPU.Build.0 = Release|Any CPU
		{A6007214-E636-4842-9845-2FAA07CDC730}.Debug|Any CPU.ActiveCfg = Debug|Any CPU
		{A6007214-E636-4842-9845-2FAA07CDC730}.Debug|Any CPU.Build.0 = Debug|Any CPU
		{A6007214-E636-4842-9845-2FAA07CDC730}.Release|Any CPU.ActiveCfg = Release|Any CPU
		{A6007214-E636-4842-9845-2FAA07CDC730}.Release|Any CPU.Build.0 = Release|Any CPU
	EndGlobalSection
	GlobalSection(SolutionProperties) = preSolution
		HideSolutionNode = FALSE
	EndGlobalSection
	GlobalSection(ExtensibilityGlobals) = postSolution
		SolutionGuid = {DBD45004-B0DC-4241-8C53-8581C90E87D2}
	EndGlobalSection
EndGlobal
